
Microsoft Visual Studio Solution File, Format Version 12.00
# Visual Studio Version 17
VisualStudioVersion = 17.11.35327.3
MinimumVisualStudioVersion = 10.0.40219.1
Project("{9A19103F-16F7-4668-BE54-9A1E7A4F7556}") = "AttendanceApi", "AttendanceApi\AttendanceApi.csproj", "{7215CC4B-7108-416C-B101-EFAA8946FFF4}"
EndProject
Project("{2150E333-8FDC-42A3-9474-1A3956D46DE8}") = "Solution Items", "Solution Items", "{842C1040-B286-4F18-9F13-870B99FBCF37}"
	ProjectSection(SolutionItems) = preProject
		.gitignore = .gitignore
	EndProjectSection
EndProject
Global
	GlobalSection(SolutionConfigurationPlatforms) = preSolution
		Debug|Any CPU = Debug|Any CPU
		Release|Any CPU = Release|Any CPU
	EndGlobalSection
	GlobalSection(ProjectConfigurationPlatforms) = postSolution
		{7215CC4B-7108-416C-B101-EFAA8946FFF4}.Debug|Any CPU.ActiveCfg = Debug|Any CPU
		{7215CC4B-7108-416C-B101-EFAA8946FFF4}.Debug|Any CPU.Build.0 = Debug|Any CPU
		{7215CC4B-7108-416C-B101-EFAA8946FFF4}.Release|Any CPU.ActiveCfg = Release|Any CPU
		{7215CC4B-7108-416C-B101-EFAA8946FFF4}.Release|Any CPU.Build.0 = Release|Any CPU
	EndGlobalSection
	GlobalSection(SolutionProperties) = preSolution
		HideSolutionNode = FALSE
	EndGlobalSection
	GlobalSection(ExtensibilityGlobals) = postSolution
		SolutionGuid = {7C21CBD2-72C4-4224-82BD-31F0DB7860F0}
	EndGlobalSection
EndGlobal
